
Microsoft Visual Studio Solution File, Format Version 12.00
# Visual Studio Version 17
VisualStudioVersion = 17.3.32901.215
MinimumVisualStudioVersion = 10.0.40219.1
Project("{FAE04EC0-301F-11D3-BF4B-00C04F79EFBC}") = "vehiculosVenta", "vehiculosVenta.csproj", "{31DB0AA6-F216-446F-9BCE-1BF565B30B13}"
EndProject
Global
	GlobalSection(SolutionConfigurationPlatforms) = preSolution
		Debug|Any CPU = Debug|Any CPU
		Release|Any CPU = Release|Any CPU
	EndGlobalSection
	GlobalSection(ProjectConfigurationPlatforms) = postSolution
		{31DB0AA6-F216-446F-9BCE-1BF565B30B13}.Debug|Any CPU.ActiveCfg = Debug|Any CPU
		{31DB0AA6-F216-446F-9BCE-1BF565B30B13}.Debug|Any CPU.Build.0 = Debug|Any CPU
		{31DB0AA6-F216-446F-9BCE-1BF565B30B13}.Release|Any CPU.ActiveCfg = Release|Any CPU
		{31DB0AA6-F216-446F-9BCE-1BF565B30B13}.Release|Any CPU.Build.0 = Release|Any CPU
	EndGlobalSection
	GlobalSection(SolutionProperties) = preSolution
		HideSolutionNode = FALSE
	EndGlobalSection
	GlobalSection(ExtensibilityGlobals) = postSolution
		SolutionGuid = {0F52C50E-EB63-4558-8923-B1139A8D7FCD}
	EndGlobalSection
EndGlobal
